// !$*UTF8*$!
{
	archiveVersion = 1;
	classes = {
	};
	objectVersion = 46;
	objects = {

/* Begin PBXBuildFile section */
		58C79A3E1C3A8C1800461700 /* main.m in Sources */ = {isa = PBXBuildFile; fileRef = 58C79A3D1C3A8C1800461700 /* main.m */; };
		58C79A411C3A8C1800461700 /* AppDelegate.m in Sources */ = {isa = PBXBuildFile; fileRef = 58C79A401C3A8C1800461700 /* AppDelegate.m */; };
		58C79A441C3A8C1800461700 /* ViewController.m in Sources */ = {isa = PBXBuildFile; fileRef = 58C79A431C3A8C1800461700 /* ViewController.m */; };
		58C79A471C3A8C1800461700 /* Main.storyboard in Resources */ = {isa = PBXBuildFile; fileRef = 58C79A451C3A8C1800461700 /* Main.storyboard */; };
		58C79A491C3A8C1800461700 /* Assets.xcassets in Resources */ = {isa = PBXBuildFile; fileRef = 58C79A481C3A8C1800461700 /* Assets.xcassets */; };
		58C79A4C1C3A8C1800461700 /* LaunchScreen.storyboard in Resources */ = {isa = PBXBuildFile; fileRef = 58C79A4A1C3A8C1800461700 /* LaunchScreen.storyboard */; };
		58C79A571C3A8C1800461700 /* ____DemoUITests.m in Sources */ = {isa = PBXBuildFile; fileRef = 58C79A561C3A8C1800461700 /* ____DemoUITests.m */; };
		58C79A631C3A8C3A00461700 /* Util.m in Sources */ = {isa = PBXBuildFile; fileRef = 58C79A621C3A8C3A00461700 /* Util.m */; };
		58C79A671C3A92D800461700 /* MainViewController.m in Sources */ = {isa = PBXBuildFile; fileRef = 58C79A651C3A92D800461700 /* MainViewController.m */; };
		58C79A681C3A92D800461700 /* MainViewController.xib in Resources */ = {isa = PBXBuildFile; fileRef = 58C79A661C3A92D800461700 /* MainViewController.xib */; };
		58C79A6C1C3A92EE00461700 /* BigViewController.m in Sources */ = {isa = PBXBuildFile; fileRef = 58C79A6A1C3A92EE00461700 /* BigViewController.m */; };
		58C79A6D1C3A92EE00461700 /* BigViewController.xib in Resources */ = {isa = PBXBuildFile; fileRef = 58C79A6B1C3A92EE00461700 /* BigViewController.xib */; };
		58C79A711C3A931B00461700 /* MainCollectionViewCell.m in Sources */ = {isa = PBXBuildFile; fileRef = 58C79A6F1C3A931B00461700 /* MainCollectionViewCell.m */; };
		58C79A721C3A931B00461700 /* MainCollectionViewCell.xib in Resources */ = {isa = PBXBuildFile; fileRef = 58C79A701C3A931B00461700 /* MainCollectionViewCell.xib */; };
		58C79A791C3A99D800461700 /* 1.png in Resources */ = {isa = PBXBuildFile; fileRef = 58C79A741C3A99D800461700 /* 1.png */; };
		58C79A7A1C3A99D800461700 /* 2.png in Resources */ = {isa = PBXBuildFile; fileRef = 58C79A751C3A99D800461700 /* 2.png */; };
		58C79A7B1C3A99D800461700 /* 3.png in Resources */ = {isa = PBXBuildFile; fileRef = 58C79A761C3A99D800461700 /* 3.png */; };
		58C79A7C1C3A99D800461700 /* 4.png in Resources */ = {isa = PBXBuildFile; fileRef = 58C79A771C3A99D800461700 /* 4.png */; };
		58C79A7D1C3A99D800461700 /* test.mp4 in Resources */ = {isa = PBXBuildFile; fileRef = 58C79A781C3A99D800461700 /* test.mp4 */; };
		58C79A801C3AC12300461700 /* PlayViewController.m in Sources */ = {isa = PBXBuildFile; fileRef = 58C79A7F1C3AC12300461700 /* PlayViewController.m */; };
		58C79A821C3AC35100461700 /* MediaPlayer.framework in Frameworks */ = {isa = PBXBuildFile; fileRef = 58C79A811C3AC35100461700 /* MediaPlayer.framework */; };
		58C79A841C3AC43500461700 /* UIKit.framework in Frameworks */ = {isa = PBXBuildFile; fileRef = 58C79A831C3AC43500461700 /* UIKit.framework */; };
		58C79A861C3AC43D00461700 /* Foundation.framework in Frameworks */ = {isa = PBXBuildFile; fileRef = 58C79A851C3AC43D00461700 /* Foundation.framework */; };
		58C79A881C3AC44400461700 /* CoreTelephony.framework in Frameworks */ = {isa = PBXBuildFile; fileRef = 58C79A871C3AC44400461700 /* CoreTelephony.framework */; };
/* End PBXBuildFile section */

/* Begin PBXContainerItemProxy section */
		58C79A531C3A8C1800461700 /* PBXContainerItemProxy */ = {
			isa = PBXContainerItemProxy;
			containerPortal = 58C79A311C3A8C1800461700 /* Project object */;
			proxyType = 1;
			remoteGlobalIDString = 58C79A381C3A8C1800461700;
			remoteInfo = "沙盒操作Demo";
		};
/* End PBXContainerItemProxy section */

/* Begin PBXFileReference section */
		58C79A391C3A8C1800461700 /* 沙盒操作Demo.app */ = {isa = PBXFileReference; explicitFileType = wrapper.application; includeInIndex = 0; path = "沙盒操作Demo.app"; sourceTree = BUILT_PRODUCTS_DIR; };
		58C79A3D1C3A8C1800461700 /* main.m */ = {isa = PBXFileReference; lastKnownFileType = sourcecode.c.objc; path = main.m; sourceTree = "<group>"; };
		58C79A3F1C3A8C1800461700 /* AppDelegate.h */ = {isa = PBXFileReference; lastKnownFileType = sourcecode.c.h; path = AppDelegate.h; sourceTree = "<group>"; };
		58C79A401C3A8C1800461700 /* AppDelegate.m */ = {isa = PBXFileReference; lastKnownFileType = sourcecode.c.objc; path = AppDelegate.m; sourceTree = "<group>"; };
		58C79A421C3A8C1800461700 /* ViewController.h */ = {isa = PBXFileReference; lastKnownFileType = sourcecode.c.h; path = ViewController.h; sourceTree = "<group>"; };
		58C79A431C3A8C1800461700 /* ViewController.m */ = {isa = PBXFileReference; lastKnownFileType = sourcecode.c.objc; path = ViewController.m; sourceTree = "<group>"; };
		58C79A461C3A8C1800461700 /* Base */ = {isa = PBXFileReference; lastKnownFileType = file.storyboard; name = Base; path = Base.lproj/Main.storyboard; sourceTree = "<group>"; };
		58C79A481C3A8C1800461700 /* Assets.xcassets */ = {isa = PBXFileReference; lastKnownFileType = folder.assetcatalog; path = Assets.xcassets; sourceTree = "<group>"; };
		58C79A4B1C3A8C1800461700 /* Base */ = {isa = PBXFileReference; lastKnownFileType = file.storyboard; name = Base; path = Base.lproj/LaunchScreen.storyboard; sourceTree = "<group>"; };
		58C79A4D1C3A8C1800461700 /* Info.plist */ = {isa = PBXFileReference; lastKnownFileType = text.plist.xml; path = Info.plist; sourceTree = "<group>"; };
		58C79A521C3A8C1800461700 /* 沙盒操作DemoUITests.xctest */ = {isa = PBXFileReference; explicitFileType = wrapper.cfbundle; includeInIndex = 0; path = "沙盒操作DemoUITests.xctest"; sourceTree = BUILT_PRODUCTS_DIR; };
		58C79A561C3A8C1800461700 /* ____DemoUITests.m */ = {isa = PBXFileReference; lastKnownFileType = sourcecode.c.objc; path = "____DemoUITests.m"; sourceTree = "<group>"; };
		58C79A581C3A8C1800461700 /* Info.plist */ = {isa = PBXFileReference; lastKnownFileType = text.plist.xml; path = Info.plist; sourceTree = "<group>"; };
		58C79A611C3A8C3A00461700 /* Util.h */ = {isa = PBXFileReference; fileEncoding = 4; lastKnownFileType = sourcecode.c.h; path = Util.h; sourceTree = "<group>"; };
		58C79A621C3A8C3A00461700 /* Util.m */ = {isa = PBXFileReference; fileEncoding = 4; lastKnownFileType = sourcecode.c.objc; path = Util.m; sourceTree = "<group>"; };
		58C79A641C3A92D800461700 /* MainViewController.h */ = {isa = PBXFileReference; fileEncoding = 4; lastKnownFileType = sourcecode.c.h; path = MainViewController.h; sourceTree = "<group>"; };
		58C79A651C3A92D800461700 /* MainViewController.m */ = {isa = PBXFileReference; fileEncoding = 4; lastKnownFileType = sourcecode.c.objc; path = MainViewController.m; sourceTree = "<group>"; };
		58C79A661C3A92D800461700 /* MainViewController.xib */ = {isa = PBXFileReference; fileEncoding = 4; lastKnownFileType = file.xib; path = MainViewController.xib; sourceTree = "<group>"; };
		58C79A691C3A92EE00461700 /* BigViewController.h */ = {isa = PBXFileReference; fileEncoding = 4; lastKnownFileType = sourcecode.c.h; path = BigViewController.h; sourceTree = "<group>"; };
		58C79A6A1C3A92EE00461700 /* BigViewController.m */ = {isa = PBXFileReference; fileEncoding = 4; lastKnownFileType = sourcecode.c.objc; path = BigViewController.m; sourceTree = "<group>"; };
		58C79A6B1C3A92EE00461700 /* BigViewController.xib */ = {isa = PBXFileReference; fileEncoding = 4; lastKnownFileType = file.xib; path = BigViewController.xib; sourceTree = "<group>"; };
		58C79A6E1C3A931B00461700 /* MainCollectionViewCell.h */ = {isa = PBXFileReference; fileEncoding = 4; lastKnownFileType = sourcecode.c.h; path = MainCollectionViewCell.h; sourceTree = "<group>"; };
		58C79A6F1C3A931B00461700 /* MainCollectionViewCell.m */ = {isa = PBXFileReference; fileEncoding = 4; lastKnownFileType = sourcecode.c.objc; path = MainCollectionViewCell.m; sourceTree = "<group>"; };
		58C79A701C3A931B00461700 /* MainCollectionViewCell.xib */ = {isa = PBXFileReference; fileEncoding = 4; lastKnownFileType = file.xib; path = MainCollectionViewCell.xib; sourceTree = "<group>"; };
		58C79A741C3A99D800461700 /* 1.png */ = {isa = PBXFileReference; lastKnownFileType = image.png; name = 1.png; path = photos/1.png; sourceTree = "<group>"; };
		58C79A751C3A99D800461700 /* 2.png */ = {isa = PBXFileReference; lastKnownFileType = image.png; name = 2.png; path = photos/2.png; sourceTree = "<group>"; };
		58C79A761C3A99D800461700 /* 3.png */ = {isa = PBXFileReference; lastKnownFileType = image.png; name = 3.png; path = photos/3.png; sourceTree = "<group>"; };
		58C79A771C3A99D800461700 /* 4.png */ = {isa = PBXFileReference; lastKnownFileType = image.png; name = 4.png; path = photos/4.png; sourceTree = "<group>"; };
		58C79A781C3A99D800461700 /* test.mp4 */ = {isa = PBXFileReference; lastKnownFileType = file; name = test.mp4; path = photos/test.mp4; sourceTree = "<group>"; };
		58C79A7E1C3AC12300461700 /* PlayViewController.h */ = {isa = PBXFileReference; fileEncoding = 4; lastKnownFileType = sourcecode.c.h; path = PlayViewController.h; sourceTree = "<group>"; };
		58C79A7F1C3AC12300461700 /* PlayViewController.m */ = {isa = PBXFileReference; fileEncoding = 4; lastKnownFileType = sourcecode.c.objc; path = PlayViewController.m; sourceTree = "<group>"; };
		58C79A811C3AC35100461700 /* MediaPlayer.framework */ = {isa = PBXFileReference; lastKnownFileType = wrapper.framework; name = MediaPlayer.framework; path = System/Library/Frameworks/MediaPlayer.framework; sourceTree = SDKROOT; };
		58C79A831C3AC43500461700 /* UIKit.framework */ = {isa = PBXFileReference; lastKnownFileType = wrapper.framework; name = UIKit.framework; path = System/Library/Frameworks/UIKit.framework; sourceTree = SDKROOT; };
		58C79A851C3AC43D00461700 /* Foundation.framework */ = {isa = PBXFileReference; lastKnownFileType = wrapper.framework; name = Foundation.framework; path = System/Library/Frameworks/Foundation.framework; sourceTree = SDKROOT; };
		58C79A871C3AC44400461700 /* CoreTelephony.framework */ = {isa = PBXFileReference; lastKnownFileType = wrapper.framework; name = CoreTelephony.framework; path = System/Library/Frameworks/CoreTelephony.framework; sourceTree = SDKROOT; };
/* End PBXFileReference section */

/* Begin PBXFrameworksBuildPhase section */
		58C79A361C3A8C1800461700 /* Frameworks */ = {
			isa = PBXFrameworksBuildPhase;
			buildActionMask = 2147483647;
			files = (
				58C79A881C3AC44400461700 /* CoreTelephony.framework in Frameworks */,
				58C79A861C3AC43D00461700 /* Foundation.framework in Frameworks */,
				58C79A841C3AC43500461700 /* UIKit.framework in Frameworks */,
				58C79A821C3AC35100461700 /* MediaPlayer.framework in Frameworks */,
			);
			runOnlyForDeploymentPostprocessing = 0;
		};
		58C79A4F1C3A8C1800461700 /* Frameworks */ = {
			isa = PBXFrameworksBuildPhase;
			buildActionMask = 2147483647;
			files = (
			);
			runOnlyForDeploymentPostprocessing = 0;
		};
/* End PBXFrameworksBuildPhase section */

/* Begin PBXGroup section */
		58C79A301C3A8C1800461700 = {
			isa = PBXGroup;
			children = (
				58C79A871C3AC44400461700 /* CoreTelephony.framework */,
				58C79A851C3AC43D00461700 /* Foundation.framework */,
				58C79A831C3AC43500461700 /* UIKit.framework */,
				58C79A811C3AC35100461700 /* MediaPlayer.framework */,
				58C79A3B1C3A8C1800461700 /* 沙盒操作Demo */,
				58C79A551C3A8C1800461700 /* 沙盒操作DemoUITests */,
				58C79A3A1C3A8C1800461700 /* Products */,
			);
			sourceTree = "<group>";
		};
		58C79A3A1C3A8C1800461700 /* Products */ = {
			isa = PBXGroup;
			children = (
				58C79A391C3A8C1800461700 /* 沙盒操作Demo.app */,
				58C79A521C3A8C1800461700 /* 沙盒操作DemoUITests.xctest */,
			);
			name = Products;
			sourceTree = "<group>";
		};
		58C79A3B1C3A8C1800461700 /* 沙盒操作Demo */ = {
			isa = PBXGroup;
			children = (
				58C79A741C3A99D800461700 /* 1.png */,
				58C79A751C3A99D800461700 /* 2.png */,
				58C79A761C3A99D800461700 /* 3.png */,
				58C79A771C3A99D800461700 /* 4.png */,
				58C79A781C3A99D800461700 /* test.mp4 */,
				58C79A3F1C3A8C1800461700 /* AppDelegate.h */,
				58C79A401C3A8C1800461700 /* AppDelegate.m */,
				58C79A421C3A8C1800461700 /* ViewController.h */,
				58C79A431C3A8C1800461700 /* ViewController.m */,
				58C79A451C3A8C1800461700 /* Main.storyboard */,
				58C79A481C3A8C1800461700 /* Assets.xcassets */,
				58C79A4A1C3A8C1800461700 /* LaunchScreen.storyboard */,
				58C79A4D1C3A8C1800461700 /* Info.plist */,
				58C79A3C1C3A8C1800461700 /* Supporting Files */,
				58C79A611C3A8C3A00461700 /* Util.h */,
				58C79A621C3A8C3A00461700 /* Util.m */,
				58C79A641C3A92D800461700 /* MainViewController.h */,
				58C79A651C3A92D800461700 /* MainViewController.m */,
				58C79A661C3A92D800461700 /* MainViewController.xib */,
				58C79A691C3A92EE00461700 /* BigViewController.h */,
				58C79A6A1C3A92EE00461700 /* BigViewController.m */,
				58C79A6B1C3A92EE00461700 /* BigViewController.xib */,
				58C79A6E1C3A931B00461700 /* MainCollectionViewCell.h */,
				58C79A6F1C3A931B00461700 /* MainCollectionViewCell.m */,
				58C79A701C3A931B00461700 /* MainCollectionViewCell.xib */,
				58C79A7E1C3AC12300461700 /* PlayViewController.h */,
				58C79A7F1C3AC12300461700 /* PlayViewController.m */,
			);
			path = "沙盒操作Demo";
			sourceTree = "<group>";
		};
		58C79A3C1C3A8C1800461700 /* Supporting Files */ = {
			isa = PBXGroup;
			children = (
				58C79A3D1C3A8C1800461700 /* main.m */,
			);
			name = "Supporting Files";
			sourceTree = "<group>";
		};
		58C79A551C3A8C1800461700 /* 沙盒操作DemoUITests */ = {
			isa = PBXGroup;
			children = (
				58C79A561C3A8C1800461700 /* ____DemoUITests.m */,
				58C79A581C3A8C1800461700 /* Info.plist */,
			);
			path = "沙盒操作DemoUITests";
			sourceTree = "<group>";
		};
/* End PBXGroup section */

/* Begin PBXNativeTarget section */
		58C79A381C3A8C1800461700 /* 沙盒操作Demo */ = {
			isa = PBXNativeTarget;
			buildConfigurationList = 58C79A5B1C3A8C1800461700 /* Build configuration list for PBXNativeTarget "沙盒操作Demo" */;
			buildPhases = (
				58C79A351C3A8C1800461700 /* Sources */,
				58C79A361C3A8C1800461700 /* Frameworks */,
				58C79A371C3A8C1800461700 /* Resources */,
			);
			buildRules = (
			);
			dependencies = (
			);
			name = "沙盒操作Demo";
			productName = "沙盒操作Demo";
			productReference = 58C79A391C3A8C1800461700 /* 沙盒操作Demo.app */;
			productType = "com.apple.product-type.application";
		};
		58C79A511C3A8C1800461700 /* 沙盒操作DemoUITests */ = {
			isa = PBXNativeTarget;
			buildConfigurationList = 58C79A5E1C3A8C1800461700 /* Build configuration list for PBXNativeTarget "沙盒操作DemoUITests" */;
			buildPhases = (
				58C79A4E1C3A8C1800461700 /* Sources */,
				58C79A4F1C3A8C1800461700 /* Frameworks */,
				58C79A501C3A8C1800461700 /* Resources */,
			);
			buildRules = (
			);
			dependencies = (
				58C79A541C3A8C1800461700 /* PBXTargetDependency */,
			);
			name = "沙盒操作DemoUITests";
			productName = "沙盒操作DemoUITests";
			productReference = 58C79A521C3A8C1800461700 /* 沙盒操作DemoUITests.xctest */;
			productType = "com.apple.product-type.bundle.ui-testing";
		};
/* End PBXNativeTarget section */

/* Begin PBXProject section */
		58C79A311C3A8C1800461700 /* Project object */ = {
			isa = PBXProject;
			attributes = {
				LastUpgradeCheck = 0720;
				ORGANIZATIONNAME = "\U0013zhu";
				TargetAttributes = {
					58C79A381C3A8C1800461700 = {
						CreatedOnToolsVersion = 7.2;
					};
					58C79A511C3A8C1800461700 = {
						CreatedOnToolsVersion = 7.2;
						TestTargetID = 58C79A381C3A8C1800461700;
					};
				};
			};
			buildConfigurationList = 58C79A341C3A8C1800461700 /* Build configuration list for PBXProject "沙盒操作Demo" */;
			compatibilityVersion = "Xcode 3.2";
			developmentRegion = English;
			hasScannedForEncodings = 0;
			knownRegions = (
				en,
				Base,
			);
			mainGroup = 58C79A301C3A8C1800461700;
			productRefGroup = 58C79A3A1C3A8C1800461700 /* Products */;
			projectDirPath = "";
			projectRoot = "";
			targets = (
				58C79A381C3A8C1800461700 /* 沙盒操作Demo */,
				58C79A511C3A8C1800461700 /* 沙盒操作DemoUITests */,
			);
		};
/* End PBXProject section */

/* Begin PBXResourcesBuildPhase section */
		58C79A371C3A8C1800461700 /* Resources */ = {
			isa = PBXResourcesBuildPhase;
			buildActionMask = 2147483647;
			files = (
				58C79A6D1C3A92EE00461700 /* BigViewController.xib in Resources */,
				58C79A721C3A931B00461700 /* MainCollectionViewCell.xib in Resources */,
				58C79A7A1C3A99D800461700 /* 2.png in Resources */,
				58C79A7B1C3A99D800461700 /* 3.png in Resources */,
				58C79A4C1C3A8C1800461700 /* LaunchScreen.storyboard in Resources */,
				58C79A491C3A8C1800461700 /* Assets.xcassets in Resources */,
				58C79A471C3A8C1800461700 /* Main.storyboard in Resources */,
				58C79A681C3A92D800461700 /* MainViewController.xib in Resources */,
				58C79A7C1C3A99D800461700 /* 4.png in Resources */,
				58C79A7D1C3A99D800461700 /* test.mp4 in Resources */,
				58C79A791C3A99D800461700 /* 1.png in Resources */,
			);
			runOnlyForDeploymentPostprocessing = 0;
		};
		58C79A501C3A8C1800461700 /* Resources */ = {
			isa = PBXResourcesBuildPhase;
			buildActionMask = 2147483647;
			files = (
			);
			runOnlyForDeploymentPostprocessing = 0;
		};
/* End PBXResourcesBuildPhase section */

/* Begin PBXSourcesBuildPhase section */
		58C79A351C3A8C1800461700 /* Sources */ = {
			isa = PBXSourcesBuildPhase;
			buildActionMask = 2147483647;
			files = (
				58C79A441C3A8C1800461700 /* ViewController.m in Sources */,
				58C79A411C3A8C1800461700 /* AppDelegate.m in Sources */,
				58C79A3E1C3A8C1800461700 /* main.m in Sources */,
				58C79A671C3A92D800461700 /* MainViewController.m in Sources */,
				58C79A801C3AC12300461700 /* PlayViewController.m in Sources */,
				58C79A711C3A931B00461700 /* MainCollectionViewCell.m in Sources */,
				58C79A631C3A8C3A00461700 /* Util.m in Sources */,
				58C79A6C1C3A92EE00461700 /* BigViewController.m in Sources */,
			);
			runOnlyForDeploymentPostprocessing = 0;
		};
		58C79A4E1C3A8C1800461700 /* Sources */ = {
			isa = PBXSourcesBuildPhase;
			buildActionMask = 2147483647;
			files = (
				58C79A571C3A8C1800461700 /* ____DemoUITests.m in Sources */,
			);
			runOnlyForDeploymentPostprocessing = 0;
		};
/* End PBXSourcesBuildPhase section */

/* Begin PBXTargetDependency section */
		58C79A541C3A8C1800461700 /* PBXTargetDependency */ = {
			isa = PBXTargetDependency;
			target = 58C79A381C3A8C1800461700 /* 沙盒操作Demo */;
			targetProxy = 58C79A531C3A8C1800461700 /* PBXContainerItemProxy */;
		};
/* End PBXTargetDependency section */

/* Begin PBXVariantGroup section */
		58C79A451C3A8C1800461700 /* Main.storyboard */ = {
			isa = PBXVariantGroup;
			children = (
				58C79A461C3A8C1800461700 /* Base */,
			);
			name = Main.storyboard;
			sourceTree = "<group>";
		};
		58C79A4A1C3A8C1800461700 /* LaunchScreen.storyboard */ = {
			isa = PBXVariantGroup;
			children = (
				58C79A4B1C3A8C1800461700 /* Base */,
			);
			name = LaunchScreen.storyboard;
			sourceTree = "<group>";
		};
/* End PBXVariantGroup section */

/* Begin XCBuildConfiguration section */
		58C79A591C3A8C1800461700 /* Debug */ = {
			isa = XCBuildConfiguration;
			buildSettings = {
				ALWAYS_SEARCH_USER_PATHS = NO;
				CLANG_CXX_LANGUAGE_STANDARD = "gnu++0x";
				CLANG_CXX_LIBRARY = "libc++";
				CLANG_ENABLE_MODULES = YES;
				CLANG_ENABLE_OBJC_ARC = YES;
				CLANG_WARN_BOOL_CONVERSION = YES;
				CLANG_WARN_CONSTANT_CONVERSION = YES;
				CLANG_WARN_DIRECT_OBJC_ISA_USAGE = YES_ERROR;
				CLANG_WARN_EMPTY_BODY = YES;
				CLANG_WARN_ENUM_CONVERSION = YES;
				CLANG_WARN_INT_CONVERSION = YES;
				CLANG_WARN_OBJC_ROOT_CLASS = YES_ERROR;
				CLANG_WARN_UNREACHABLE_CODE = YES;
				CLANG_WARN__DUPLICATE_METHOD_MATCH = YES;
				"CODE_SIGN_IDENTITY[sdk=iphoneos*]" = "iPhone Developer";
				COPY_PHASE_STRIP = NO;
				DEBUG_INFORMATION_FORMAT = dwarf;
				ENABLE_STRICT_OBJC_MSGSEND = YES;
				ENABLE_TESTABILITY = YES;
				GCC_C_LANGUAGE_STANDARD = gnu99;
				GCC_DYNAMIC_NO_PIC = NO;
				GCC_NO_COMMON_BLOCKS = YES;
				GCC_OPTIMIZATION_LEVEL = 0;
				GCC_PREPROCESSOR_DEFINITIONS = (
					"DEBUG=1",
					"$(inherited)",
				);
				GCC_WARN_64_TO_32_BIT_CONVERSION = YES;
				GCC_WARN_ABOUT_RETURN_TYPE = YES_ERROR;
				GCC_WARN_UNDECLARED_SELECTOR = YES;
				GCC_WARN_UNINITIALIZED_AUTOS = YES_AGGRESSIVE;
				GCC_WARN_UNUSED_FUNCTION = YES;
				GCC_WARN_UNUSED_VARIABLE = YES;
				IPHONEOS_DEPLOYMENT_TARGET = 9.2;
				MTL_ENABLE_DEBUG_INFO = YES;
				ONLY_ACTIVE_ARCH = YES;
				SDKROOT = iphoneos;
			};
			name = Debug;
		};
		58C79A5A1C3A8C1800461700 /* Release */ = {
			isa = XCBuildConfiguration;
			buildSettings = {
				ALWAYS_SEARCH_USER_PATHS = NO;
				CLANG_CXX_LANGUAGE_STANDARD = "gnu++0x";
				CLANG_CXX_LIBRARY = "libc++";
				CLANG_ENABLE_MODULES = YES;
				CLANG_ENABLE_OBJC_ARC = YES;
				CLANG_WARN_BOOL_CONVERSION = YES;
				CLANG_WARN_CONSTANT_CONVERSION = YES;
				CLANG_WARN_DIRECT_OBJC_ISA_USAGE = YES_ERROR;
				CLANG_WARN_EMPTY_BODY = YES;
				CLANG_WARN_ENUM_CONVERSION = YES;
				CLANG_WARN_INT_CONVERSION = YES;
				CLANG_WARN_OBJC_ROOT_CLASS = YES_ERROR;
				CLANG_WARN_UNREACHABLE_CODE = YES;
				CLANG_WARN__DUPLICATE_METHOD_MATCH = YES;
				"CODE_SIGN_IDENTITY[sdk=iphoneos*]" = "iPhone Developer";
				COPY_PHASE_STRIP = NO;
				DEBUG_INFORMATION_FORMAT = "dwarf-with-dsym";
				ENABLE_NS_ASSERTIONS = NO;
				ENABLE_STRICT_OBJC_MSGSEND = YES;
				GCC_C_LANGUAGE_STANDARD = gnu99;
				GCC_NO_COMMON_BLOCKS = YES;
				GCC_WARN_64_TO_32_BIT_CONVERSION = YES;
				GCC_WARN_ABOUT_RETURN_TYPE = YES_ERROR;
				GCC_WARN_UNDECLARED_SELECTOR = YES;
				GCC_WARN_UNINITIALIZED_AUTOS = YES_AGGRESSIVE;
				GCC_WARN_UNUSED_FUNCTION = YES;
				GCC_WARN_UNUSED_VARIABLE = YES;
				IPHONEOS_DEPLOYMENT_TARGET = 9.2;
				MTL_ENABLE_DEBUG_INFO = NO;
				SDKROOT = iphoneos;
				VALIDATE_PRODUCT = YES;
			};
			name = Release;
		};
		58C79A5C1C3A8C1800461700 /* Debug */ = {
			isa = XCBuildConfiguration;
			buildSettings = {
				ASSETCATALOG_COMPILER_APPICON_NAME = AppIcon;
				INFOPLIST_FILE = "沙盒操作Demo/Info.plist";
				LD_RUNPATH_SEARCH_PATHS = "$(inherited) @executable_path/Frameworks";
				PRODUCT_BUNDLE_IDENTIFIER = "com.test.----Demo";
				PRODUCT_NAME = "$(TARGET_NAME)";
			};
			name = Debug;
		};
		58C79A5D1C3A8C1800461700 /* Release */ = {
			isa = XCBuildConfiguration;
			buildSettings = {
				ASSETCATALOG_COMPILER_APPICON_NAME = AppIcon;
				INFOPLIST_FILE = "沙盒操作Demo/Info.plist";
				LD_RUNPATH_SEARCH_PATHS = "$(inherited) @executable_path/Frameworks";
				PRODUCT_BUNDLE_IDENTIFIER = "com.test.----Demo";
				PRODUCT_NAME = "$(TARGET_NAME)";
			};
			name = Release;
		};
		58C79A5F1C3A8C1800461700 /* Debug */ = {
			isa = XCBuildConfiguration;
			buildSettings = {
				INFOPLIST_FILE = "沙盒操作DemoUITests/Info.plist";
				LD_RUNPATH_SEARCH_PATHS = "$(inherited) @executable_path/Frameworks @loader_path/Frameworks";
				PRODUCT_BUNDLE_IDENTIFIER = "com.test.----DemoUITests";
				PRODUCT_NAME = "$(TARGET_NAME)";
				TEST_TARGET_NAME = "沙盒操作Demo";
				USES_XCTRUNNER = YES;
			};
			name = Debug;
		};
		58C79A601C3A8C1800461700 /* Release */ = {
			isa = XCBuildConfiguration;
			buildSettings = {
				INFOPLIST_FILE = "沙盒操作DemoUITests/Info.plist";
				LD_RUNPATH_SEARCH_PATHS = "$(inherited) @executable_path/Frameworks @loader_path/Frameworks";
				PRODUCT_BUNDLE_IDENTIFIER = "com.test.----DemoUITests";
				PRODUCT_NAME = "$(TARGET_NAME)";
				TEST_TARGET_NAME = "沙盒操作Demo";
				USES_XCTRUNNER = YES;
			};
			name = Release;
		};
/* End XCBuildConfiguration section */

/* Begin XCConfigurationList section */
		58C79A341C3A8C1800461700 /* Build configuration list for PBXProject "沙盒操作Demo" */ = {
			isa = XCConfigurationList;
			buildConfigurations = (
				58C79A591C3A8C1800461700 /* Debug */,
				58C79A5A1C3A8C1800461700 /* Release */,
			);
			defaultConfigurationIsVisible = 0;
			defaultConfigurationName = Release;
		};
		58C79A5B1C3A8C1800461700 /* Build configuration list for PBXNativeTarget "沙盒操作Demo" */ = {
			isa = XCConfigurationList;
			buildConfigurations = (
				58C79A5C1C3A8C1800461700 /* Debug */,
				58C79A5D1C3A8C1800461700 /* Release */,
			);
			defaultConfigurationIsVisible = 0;
		};
		58C79A5E1C3A8C1800461700 /* Build configuration list for PBXNativeTarget "沙盒操作DemoUITests" */ = {
			isa = XCConfigurationList;
			buildConfigurations = (
				58C79A5F1C3A8C1800461700 /* Debug */,
				58C79A601C3A8C1800461700 /* Release */,
			);
			defaultConfigurationIsVisible = 0;
		};
/* End XCConfigurationList section */
	};
	rootObject = 58C79A311C3A8C1800461700 /* Project object */;
}
